
Microsoft Visual Studio Solution File, Format Version 12.00
# Visual Studio 15
VisualStudioVersion = 15.0.26124.0
MinimumVisualStudioVersion = 15.0.26124.0
Project("{2150E333-8FDC-42A3-9474-1A3956D46DE8}") = "src", "src", "{8FD90EB8-5779-4BCD-9803-8F4F8405E705}"
EndProject
Project("{FAE04EC0-301F-11D3-BF4B-00C04F79EFBC}") = "XLogger.Microsoft.Extensions.DependencyInjection", "src\XLogger.Microsoft.Extensions.DependencyInjection\XLogger.Microsoft.Extensions.DependencyInjection.csproj", "{C9EDD62F-1C37-4285-BEDD-74D93DBD72D9}"
EndProject
Global
	GlobalSection(SolutionConfigurationPlatforms) = preSolution
		Debug|Any CPU = Debug|Any CPU
		Debug|x64 = Debug|x64
		Debug|x86 = Debug|x86
		Release|Any CPU = Release|Any CPU
		Release|x64 = Release|x64
		Release|x86 = Release|x86
	EndGlobalSection
	GlobalSection(SolutionProperties) = preSolution
		HideSolutionNode = FALSE
	EndGlobalSection
	GlobalSection(ProjectConfigurationPlatforms) = postSolution
		{C9EDD62F-1C37-4285-BEDD-74D93DBD72D9}.Debug|Any CPU.ActiveCfg = Debug|Any CPU
		{C9EDD62F-1C37-4285-BEDD-74D93DBD72D9}.Debug|Any CPU.Build.0 = Debug|Any CPU
		{C9EDD62F-1C37-4285-BEDD-74D93DBD72D9}.Debug|x64.ActiveCfg = Debug|Any CPU
		{C9EDD62F-1C37-4285-BEDD-74D93DBD72D9}.Debug|x64.Build.0 = Debug|Any CPU
		{C9EDD62F-1C37-4285-BEDD-74D93DBD72D9}.Debug|x86.ActiveCfg = Debug|Any CPU
		{C9EDD62F-1C37-4285-BEDD-74D93DBD72D9}.Debug|x86.Build.0 = Debug|Any CPU
		{C9EDD62F-1C37-4285-BEDD-74D93DBD72D9}.Release|Any CPU.ActiveCfg = Release|Any CPU
		{C9EDD62F-1C37-4285-BEDD-74D93DBD72D9}.Release|Any CPU.Build.0 = Release|Any CPU
		{C9EDD62F-1C37-4285-BEDD-74D93DBD72D9}.Release|x64.ActiveCfg = Release|Any CPU
		{C9EDD62F-1C37-4285-BEDD-74D93DBD72D9}.Release|x64.Build.0 = Release|Any CPU
		{C9EDD62F-1C37-4285-BEDD-74D93DBD72D9}.Release|x86.ActiveCfg = Release|Any CPU
		{C9EDD62F-1C37-4285-BEDD-74D93DBD72D9}.Release|x86.Build.0 = Release|Any CPU
	EndGlobalSection
	GlobalSection(NestedProjects) = preSolution
		{C9EDD62F-1C37-4285-BEDD-74D93DBD72D9} = {8FD90EB8-5779-4BCD-9803-8F4F8405E705}
	EndGlobalSection
EndGlobal
